
Microsoft Visual Studio Solution File, Format Version 12.00
# Visual Studio 14
VisualStudioVersion = 14.0.25420.1
MinimumVisualStudioVersion = 10.0.40219.1
Project("{FAE04EC0-301F-11D3-BF4B-00C04F79EFBC}") = "IfcDoc", "IfcDoc.csproj", "{BD604C7F-1CA2-4399-AC38-AD9CA45E7413}"
EndProject
Project("{FAE04EC0-301F-11D3-BF4B-00C04F79EFBC}") = "BuildingSmart.Serialization.Step", "IfcKit\formats\spf\BuildingSmart.Serialization.Step.csproj", "{9DC23719-6569-4F9A-A676-AAD97D1D233F}"
EndProject
Project("{FAE04EC0-301F-11D3-BF4B-00C04F79EFBC}") = "BuildingSmart.Serialization.Xml", "IfcKit\formats\xml\BuildingSmart.Serialization.Xml.csproj", "{55CD2497-80A6-49B9-880B-AB0743B7DECA}"
EndProject
Project("{FAE04EC0-301F-11D3-BF4B-00C04F79EFBC}") = "BuildingSmart.Serialization.Json", "IfcKit\formats\json\BuildingSmart.Serialization.Json.csproj", "{2D912A6F-3F73-480C-B023-F1D7EF0DC954}"
EndProject
Project("{FAE04EC0-301F-11D3-BF4B-00C04F79EFBC}") = "BuildingSmart.Serialization", "IfcKit\formats\BuildingSmart.Serialization\BuildingSmart.Serialization.csproj", "{36A0328B-1A60-4F07-BC34-4D22A7F65CAC}"
EndProject
Project("{FAE04EC0-301F-11D3-BF4B-00C04F79EFBC}") = "BuildingSmart.Utilities.Conversion", "IfcKit\utilities\BuildingSmart.Utilities.Conversion\BuildingSmart.Utilities.Conversion.csproj", "{048106C1-7D68-4B3C-B7B1-EB437F2C15B0}"
	ProjectSection(ProjectDependencies) = postProject
		{9DC23719-6569-4F9A-A676-AAD97D1D233F} = {9DC23719-6569-4F9A-A676-AAD97D1D233F}
		{2D912A6F-3F73-480C-B023-F1D7EF0DC954} = {2D912A6F-3F73-480C-B023-F1D7EF0DC954}
		{55CD2497-80A6-49B9-880B-AB0743B7DECA} = {55CD2497-80A6-49B9-880B-AB0743B7DECA}
	EndProjectSection
EndProject
Project("{FAE04EC0-301F-11D3-BF4B-00C04F79EFBC}") = "BuildingSmart.Utilities.Dictionary", "IfcKit\utilities\BuildingSmart.Utilities.Dictionary\BuildingSmart.Utilities.Dictionary.csproj", "{ECB9F199-28F2-48B9-82E9-B4EDADE8AEBB}"
EndProject
Project("{FAE04EC0-301F-11D3-BF4B-00C04F79EFBC}") = "BuildingSmart.IFC", "IfcKit\schemas\BuildingSmart.IFC.csproj", "{2FFE04F0-B6C2-405E-92A4-D1F3B6B037BC}"
EndProject
Global
	GlobalSection(SolutionConfigurationPlatforms) = preSolution
		CD_ROM|Any CPU = CD_ROM|Any CPU
		CD_ROM|Mixed Platforms = CD_ROM|Mixed Platforms
		CD_ROM|x64 = CD_ROM|x64
		CD_ROM|x86 = CD_ROM|x86
		Debug|Any CPU = Debug|Any CPU
		Debug|Mixed Platforms = Debug|Mixed Platforms
		Debug|x64 = Debug|x64
		Debug|x86 = Debug|x86
		DVD-5|Any CPU = DVD-5|Any CPU
		DVD-5|Mixed Platforms = DVD-5|Mixed Platforms
		DVD-5|x64 = DVD-5|x64
		DVD-5|x86 = DVD-5|x86
		Release|Any CPU = Release|Any CPU
		Release|Mixed Platforms = Release|Mixed Platforms
		Release|x64 = Release|x64
		Release|x86 = Release|x86
		SingleImage|Any CPU = SingleImage|Any CPU
		SingleImage|Mixed Platforms = SingleImage|Mixed Platforms
		SingleImage|x64 = SingleImage|x64
		SingleImage|x86 = SingleImage|x86
	EndGlobalSection
	GlobalSection(ProjectConfigurationPlatforms) = postSolution
		{BD604C7F-1CA2-4399-AC38-AD9CA45E7413}.CD_ROM|Any CPU.ActiveCfg = Debug|Any CPU
		{BD604C7F-1CA2-4399-AC38-AD9CA45E7413}.CD_ROM|Any CPU.Build.0 = Debug|Any CPU
		{BD604C7F-1CA2-4399-AC38-AD9CA45E7413}.CD_ROM|Mixed Platforms.ActiveCfg = Release|x86
		{BD604C7F-1CA2-4399-AC38-AD9CA45E7413}.CD_ROM|Mixed Platforms.Build.0 = Release|x86
		{BD604C7F-1CA2-4399-AC38-AD9CA45E7413}.CD_ROM|x64.ActiveCfg = Release|x64
		{BD604C7F-1CA2-4399-AC38-AD9CA45E7413}.CD_ROM|x64.Build.0 = Release|x64
		{BD604C7F-1CA2-4399-AC38-AD9CA45E7413}.CD_ROM|x86.ActiveCfg = Release|x86
		{BD604C7F-1CA2-4399-AC38-AD9CA45E7413}.CD_ROM|x86.Build.0 = Release|x86
		{BD604C7F-1CA2-4399-AC38-AD9CA45E7413}.Debug|Any CPU.ActiveCfg = Debug|x86
		{BD604C7F-1CA2-4399-AC38-AD9CA45E7413}.Debug|Any CPU.Build.0 = Debug|x86
		{BD604C7F-1CA2-4399-AC38-AD9CA45E7413}.Debug|Mixed Platforms.ActiveCfg = Debug|x64
		{BD604C7F-1CA2-4399-AC38-AD9CA45E7413}.Debug|Mixed Platforms.Build.0 = Debug|x64
		{BD604C7F-1CA2-4399-AC38-AD9CA45E7413}.Debug|x64.ActiveCfg = Debug|x64
		{BD604C7F-1CA2-4399-AC38-AD9CA45E7413}.Debug|x64.Build.0 = Debug|x64
		{BD604C7F-1CA2-4399-AC38-AD9CA45E7413}.Debug|x86.ActiveCfg = Debug|x86
		{BD604C7F-1CA2-4399-AC38-AD9CA45E7413}.Debug|x86.Build.0 = Debug|x86
		{BD604C7F-1CA2-4399-AC38-AD9CA45E7413}.DVD-5|Any CPU.ActiveCfg = Debug|Any CPU
		{BD604C7F-1CA2-4399-AC38-AD9CA45E7413}.DVD-5|Any CPU.Build.0 = Debug|Any CPU
		{BD604C7F-1CA2-4399-AC38-AD9CA45E7413}.DVD-5|Mixed Platforms.ActiveCfg = Debug|x86
		{BD604C7F-1CA2-4399-AC38-AD9CA45E7413}.DVD-5|Mixed Platforms.Build.0 = Debug|x86
		{BD604C7F-1CA2-4399-AC38-AD9CA45E7413}.DVD-5|x64.ActiveCfg = Debug|x64
		{BD604C7F-1CA2-4399-AC38-AD9CA45E7413}.DVD-5|x64.Build.0 = Debug|x64
		{BD604C7F-1CA2-4399-AC38-AD9CA45E7413}.DVD-5|x86.ActiveCfg = Debug|x86
		{BD604C7F-1CA2-4399-AC38-AD9CA45E7413}.DVD-5|x86.Build.0 = Debug|x86
		{BD604C7F-1CA2-4399-AC38-AD9CA45E7413}.Release|Any CPU.ActiveCfg = Release|x86
		{BD604C7F-1CA2-4399-AC38-AD9CA45E7413}.Release|Any CPU.Build.0 = Release|x86
		{BD604C7F-1CA2-4399-AC38-AD9CA45E7413}.Release|Mixed Platforms.ActiveCfg = Release|x86
		{BD604C7F-1CA2-4399-AC38-AD9CA45E7413}.Release|Mixed Platforms.Build.0 = Release|x86
		{BD604C7F-1CA2-4399-AC38-AD9CA45E7413}.Release|x64.ActiveCfg = Release|x64
		{BD604C7F-1CA2-4399-AC38-AD9CA45E7413}.Release|x64.Build.0 = Release|x64
		{BD604C7F-1CA2-4399-AC38-AD9CA45E7413}.Release|x86.ActiveCfg = Release|x86
		{BD604C7F-1CA2-4399-AC38-AD9CA45E7413}.Release|x86.Build.0 = Release|x86
		{BD604C7F-1CA2-4399-AC38-AD9CA45E7413}.SingleImage|Any CPU.ActiveCfg = Debug|Any CPU
		{BD604C7F-1CA2-4399-AC38-AD9CA45E7413}.SingleImage|Any CPU.Build.0 = Debug|Any CPU
		{BD604C7F-1CA2-4399-AC38-AD9CA45E7413}.SingleImage|Mixed Platforms.ActiveCfg = Release|x86
		{BD604C7F-1CA2-4399-AC38-AD9CA45E7413}.SingleImage|Mixed Platforms.Build.0 = Release|x86
		{BD604C7F-1CA2-4399-AC38-AD9CA45E7413}.SingleImage|x64.ActiveCfg = Release|x64
		{BD604C7F-1CA2-4399-AC38-AD9CA45E7413}.SingleImage|x64.Build.0 = Release|x64
		{BD604C7F-1CA2-4399-AC38-AD9CA45E7413}.SingleImage|x86.ActiveCfg = Release|x86
		{BD604C7F-1CA2-4399-AC38-AD9CA45E7413}.SingleImage|x86.Build.0 = Release|x86
		{9DC23719-6569-4F9A-A676-AAD97D1D233F}.CD_ROM|Any CPU.ActiveCfg = Release|Any CPU
		{9DC23719-6569-4F9A-A676-AAD97D1D233F}.CD_ROM|Any CPU.Build.0 = Release|Any CPU
		{9DC23719-6569-4F9A-A676-AAD97D1D233F}.CD_ROM|Mixed Platforms.ActiveCfg = Release|Any CPU
		{9DC23719-6569-4F9A-A676-AAD97D1D233F}.CD_ROM|Mixed Platforms.Build.0 = Release|Any CPU
		{9DC23719-6569-4F9A-A676-AAD97D1D233F}.CD_ROM|x64.ActiveCfg = Release|Any CPU
		{9DC23719-6569-4F9A-A676-AAD97D1D233F}.CD_ROM|x64.Build.0 = Release|Any CPU
		{9DC23719-6569-4F9A-A676-AAD97D1D233F}.CD_ROM|x86.ActiveCfg = Release|Any CPU
		{9DC23719-6569-4F9A-A676-AAD97D1D233F}.CD_ROM|x86.Build.0 = Release|Any CPU
		{9DC23719-6569-4F9A-A676-AAD97D1D233F}.Debug|Any CPU.ActiveCfg = Debug|Any CPU
		{9DC23719-6569-4F9A-A676-AAD97D1D233F}.Debug|Any CPU.Build.0 = Debug|Any CPU
		{9DC23719-6569-4F9A-A676-AAD97D1D233F}.Debug|Mixed Platforms.ActiveCfg = Debug|Any CPU
		{9DC23719-6569-4F9A-A676-AAD97D1D233F}.Debug|Mixed Platforms.Build.0 = Debug|Any CPU
		{9DC23719-6569-4F9A-A676-AAD97D1D233F}.Debug|x64.ActiveCfg = Debug|Any CPU
		{9DC23719-6569-4F9A-A676-AAD97D1D233F}.Debug|x64.Build.0 = Debug|Any CPU
		{9DC23719-6569-4F9A-A676-AAD97D1D233F}.Debug|x86.ActiveCfg = Debug|Any CPU
		{9DC23719-6569-4F9A-A676-AAD97D1D233F}.DVD-5|Any CPU.ActiveCfg = Debug|Any CPU
		{9DC23719-6569-4F9A-A676-AAD97D1D233F}.DVD-5|Any CPU.Build.0 = Debug|Any CPU
		{9DC23719-6569-4F9A-A676-AAD97D1D233F}.DVD-5|Mixed Platforms.ActiveCfg = Debug|Any CPU
		{9DC23719-6569-4F9A-A676-AAD97D1D233F}.DVD-5|Mixed Platforms.Build.0 = Debug|Any CPU
		{9DC23719-6569-4F9A-A676-AAD97D1D233F}.DVD-5|x64.ActiveCfg = Debug|Any CPU
		{9DC23719-6569-4F9A-A676-AAD97D1D233F}.DVD-5|x64.Build.0 = Debug|Any CPU
		{9DC23719-6569-4F9A-A676-AAD97D1D233F}.DVD-5|x86.ActiveCfg = Debug|Any CPU
		{9DC23719-6569-4F9A-A676-AAD97D1D233F}.DVD-5|x86.Build.0 = Debug|Any CPU
		{9DC23719-6569-4F9A-A676-AAD97D1D233F}.Release|Any CPU.ActiveCfg = Release|Any CPU
		{9DC23719-6569-4F9A-A676-AAD97D1D233F}.Release|Any CPU.Build.0 = Release|Any CPU
		{9DC23719-6569-4F9A-A676-AAD97D1D233F}.Release|Mixed Platforms.ActiveCfg = Release|Any CPU
		{9DC23719-6569-4F9A-A676-AAD97D1D233F}.Release|Mixed Platforms.Build.0 = Release|Any CPU
		{9DC23719-6569-4F9A-A676-AAD97D1D233F}.Release|x64.ActiveCfg = Release|Any CPU
		{9DC23719-6569-4F9A-A676-AAD97D1D233F}.Release|x64.Build.0 = Release|Any CPU
		{9DC23719-6569-4F9A-A676-AAD97D1D233F}.Release|x86.ActiveCfg = Release|Any CPU
		{9DC23719-6569-4F9A-A676-AAD97D1D233F}.SingleImage|Any CPU.ActiveCfg = Release|Any CPU
		{9DC23719-6569-4F9A-A676-AAD97D1D233F}.SingleImage|Any CPU.Build.0 = Release|Any CPU
		{9DC23719-6569-4F9A-A676-AAD97D1D233F}.SingleImage|Mixed Platforms.ActiveCfg = Release|Any CPU
		{9DC23719-6569-4F9A-A676-AAD97D1D233F}.SingleImage|Mixed Platforms.Build.0 = Release|Any CPU
		{9DC23719-6569-4F9A-A676-AAD97D1D233F}.SingleImage|x64.ActiveCfg = Release|Any CPU
		{9DC23719-6569-4F9A-A676-AAD97D1D233F}.SingleImage|x64.Build.0 = Release|Any CPU
		{9DC23719-6569-4F9A-A676-AAD97D1D233F}.SingleImage|x86.ActiveCfg = Release|Any CPU
		{9DC23719-6569-4F9A-A676-AAD97D1D233F}.SingleImage|x86.Build.0 = Release|Any CPU
		{55CD2497-80A6-49B9-880B-AB0743B7DECA}.CD_ROM|Any CPU.ActiveCfg = Release|Any CPU
		{55CD2497-80A6-49B9-880B-AB0743B7DECA}.CD_ROM|Any CPU.Build.0 = Release|Any CPU
		{55CD2497-80A6-49B9-880B-AB0743B7DECA}.CD_ROM|Mixed Platforms.ActiveCfg = Release|Any CPU
		{55CD2497-80A6-49B9-880B-AB0743B7DECA}.CD_ROM|Mixed Platforms.Build.0 = Release|Any CPU
		{55CD2497-80A6-49B9-880B-AB0743B7DECA}.CD_ROM|x64.ActiveCfg = Release|Any CPU
		{55CD2497-80A6-49B9-880B-AB0743B7DECA}.CD_ROM|x64.Build.0 = Release|Any CPU
		{55CD2497-80A6-49B9-880B-AB0743B7DECA}.CD_ROM|x86.ActiveCfg = Release|Any CPU
		{55CD2497-80A6-49B9-880B-AB0743B7DECA}.CD_ROM|x86.Build.0 = Release|Any CPU
		{55CD2497-80A6-49B9-880B-AB0743B7DECA}.Debug|Any CPU.ActiveCfg = Debug|Any CPU
		{55CD2497-80A6-49B9-880B-AB0743B7DECA}.Debug|Any CPU.Build.0 = Debug|Any CPU
		{55CD2497-80A6-49B9-880B-AB0743B7DECA}.Debug|Mixed Platforms.ActiveCfg = Debug|Any CPU
		{55CD2497-80A6-49B9-880B-AB0743B7DECA}.Debug|Mixed Platforms.Build.0 = Debug|Any CPU
		{55CD2497-80A6-49B9-880B-AB0743B7DECA}.Debug|x64.ActiveCfg = Debug|Any CPU
		{55CD2497-80A6-49B9-880B-AB0743B7DECA}.Debug|x64.Build.0 = Debug|Any CPU
		{55CD2497-80A6-49B9-880B-AB0743B7DECA}.Debug|x86.ActiveCfg = Debug|Any CPU
		{55CD2497-80A6-49B9-880B-AB0743B7DECA}.DVD-5|Any CPU.ActiveCfg = Debug|Any CPU
		{55CD2497-80A6-49B9-880B-AB0743B7DECA}.DVD-5|Any CPU.Build.0 = Debug|Any CPU
		{55CD2497-80A6-49B9-880B-AB0743B7DECA}.DVD-5|Mixed Platforms.ActiveCfg = Debug|Any CPU
		{55CD2497-80A6-49B9-880B-AB0743B7DECA}.DVD-5|Mixed Platforms.Build.0 = Debug|Any CPU
		{55CD2497-80A6-49B9-880B-AB0743B7DECA}.DVD-5|x64.ActiveCfg = Debug|Any CPU
		{55CD2497-80A6-49B9-880B-AB0743B7DECA}.DVD-5|x64.Build.0 = Debug|Any CPU
		{55CD2497-80A6-49B9-880B-AB0743B7DECA}.DVD-5|x86.ActiveCfg = Debug|Any CPU
		{55CD2497-80A6-49B9-880B-AB0743B7DECA}.DVD-5|x86.Build.0 = Debug|Any CPU
		{55CD2497-80A6-49B9-880B-AB0743B7DECA}.Release|Any CPU.ActiveCfg = Release|Any CPU
		{55CD2497-80A6-49B9-880B-AB0743B7DECA}.Release|Any CPU.Build.0 = Release|Any CPU
		{55CD2497-80A6-49B9-880B-AB0743B7DECA}.Release|Mixed Platforms.ActiveCfg = Release|Any CPU
		{55CD2497-80A6-49B9-880B-AB0743B7DECA}.Release|Mixed Platforms.Build.0 = Release|Any CPU
		{55CD2497-80A6-49B9-880B-AB0743B7DECA}.Release|x64.ActiveCfg = Release|Any CPU
		{55CD2497-80A6-49B9-880B-AB0743B7DECA}.Release|x64.Build.0 = Release|Any CPU
		{55CD2497-80A6-49B9-880B-AB0743B7DECA}.Release|x86.ActiveCfg = Release|Any CPU
		{55CD2497-80A6-49B9-880B-AB0743B7DECA}.SingleImage|Any CPU.ActiveCfg = Release|Any CPU
		{55CD2497-80A6-49B9-880B-AB0743B7DECA}.SingleImage|Any CPU.Build.0 = Release|Any CPU
		{55CD2497-80A6-49B9-880B-AB0743B7DECA}.SingleImage|Mixed Platforms.ActiveCfg = Release|Any CPU
		{55CD2497-80A6-49B9-880B-AB0743B7DECA}.SingleImage|Mixed Platforms.Build.0 = Release|Any CPU
		{55CD2497-80A6-49B9-880B-AB0743B7DECA}.SingleImage|x64.ActiveCfg = Release|Any CPU
		{55CD2497-80A6-49B9-880B-AB0743B7DECA}.SingleImage|x64.Build.0 = Release|Any CPU
		{55CD2497-80A6-49B9-880B-AB0743B7DECA}.SingleImage|x86.ActiveCfg = Release|Any CPU
		{55CD2497-80A6-49B9-880B-AB0743B7DECA}.SingleImage|x86.Build.0 = Release|Any CPU
		{2D912A6F-3F73-480C-B023-F1D7EF0DC954}.CD_ROM|Any CPU.ActiveCfg = Release|Any CPU
		{2D912A6F-3F73-480C-B023-F1D7EF0DC954}.CD_ROM|Any CPU.Build.0 = Release|Any CPU
		{2D912A6F-3F73-480C-B023-F1D7EF0DC954}.CD_ROM|Mixed Platforms.ActiveCfg = Release|Any CPU
		{2D912A6F-3F73-480C-B023-F1D7EF0DC954}.CD_ROM|Mixed Platforms.Build.0 = Release|Any CPU
		{2D912A6F-3F73-480C-B023-F1D7EF0DC954}.CD_ROM|x64.ActiveCfg = Release|Any CPU
		{2D912A6F-3F73-480C-B023-F1D7EF0DC954}.CD_ROM|x64.Build.0 = Release|Any CPU
		{2D912A6F-3F73-480C-B023-F1D7EF0DC954}.CD_ROM|x86.ActiveCfg = Release|Any CPU
		{2D912A6F-3F73-480C-B023-F1D7EF0DC954}.CD_ROM|x86.Build.0 = Release|Any CPU
		{2D912A6F-3F73-480C-B023-F1D7EF0DC954}.Debug|Any CPU.ActiveCfg = Debug|Any CPU
		{2D912A6F-3F73-480C-B023-F1D7EF0DC954}.Debug|Any CPU.Build.0 = Debug|Any CPU
		{2D912A6F-3F73-480C-B023-F1D7EF0DC954}.Debug|Mixed Platforms.ActiveCfg = Debug|Any CPU
		{2D912A6F-3F73-480C-B023-F1D7EF0DC954}.Debug|Mixed Platforms.Build.0 = Debug|Any CPU
		{2D912A6F-3F73-480C-B023-F1D7EF0DC954}.Debug|x64.ActiveCfg = Debug|Any CPU
		{2D912A6F-3F73-480C-B023-F1D7EF0DC954}.Debug|x64.Build.0 = Debug|Any CPU
		{2D912A6F-3F73-480C-B023-F1D7EF0DC954}.Debug|x86.ActiveCfg = Debug|Any CPU
		{2D912A6F-3F73-480C-B023-F1D7EF0DC954}.DVD-5|Any CPU.ActiveCfg = Debug|Any CPU
		{2D912A6F-3F73-480C-B023-F1D7EF0DC954}.DVD-5|Any CPU.Build.0 = Debug|Any CPU
		{2D912A6F-3F73-480C-B023-F1D7EF0DC954}.DVD-5|Mixed Platforms.ActiveCfg = Debug|Any CPU
		{2D912A6F-3F73-480C-B023-F1D7EF0DC954}.DVD-5|Mixed Platforms.Build.0 = Debug|Any CPU
		{2D912A6F-3F73-480C-B023-F1D7EF0DC954}.DVD-5|x64.ActiveCfg = Debug|Any CPU
		{2D912A6F-3F73-480C-B023-F1D7EF0DC954}.DVD-5|x64.Build.0 = Debug|Any CPU
		{2D912A6F-3F73-480C-B023-F1D7EF0DC954}.DVD-5|x86.ActiveCfg = Debug|Any CPU
		{2D912A6F-3F73-480C-B023-F1D7EF0DC954}.DVD-5|x86.Build.0 = Debug|Any CPU
		{2D912A6F-3F73-480C-B023-F1D7EF0DC954}.Release|Any CPU.ActiveCfg = Release|Any CPU
		{2D912A6F-3F73-480C-B023-F1D7EF0DC954}.Release|Any CPU.Build.0 = Release|Any CPU
		{2D912A6F-3F73-480C-B023-F1D7EF0DC954}.Release|Mixed Platforms.ActiveCfg = Release|Any CPU
		{2D912A6F-3F73-480C-B023-F1D7EF0DC954}.Release|Mixed Platforms.Build.0 = Release|Any CPU
		{2D912A6F-3F73-480C-B023-F1D7EF0DC954}.Release|x64.ActiveCfg = Release|Any CPU
		{2D912A6F-3F73-480C-B023-F1D7EF0DC954}.Release|x64.Build.0 = Release|Any CPU
		{2D912A6F-3F73-480C-B023-F1D7EF0DC954}.Release|x86.ActiveCfg = Release|Any CPU
		{2D912A6F-3F73-480C-B023-F1D7EF0DC954}.SingleImage|Any CPU.ActiveCfg = Release|Any CPU
		{2D912A6F-3F73-480C-B023-F1D7EF0DC954}.SingleImage|Any CPU.Build.0 = Release|Any CPU
		{2D912A6F-3F73-480C-B023-F1D7EF0DC954}.SingleImage|Mixed Platforms.ActiveCfg = Release|Any CPU
		{2D912A6F-3F73-480C-B023-F1D7EF0DC954}.SingleImage|Mixed Platforms.Build.0 = Release|Any CPU
		{2D912A6F-3F73-480C-B023-F1D7EF0DC954}.SingleImage|x64.ActiveCfg = Release|Any CPU
		{2D912A6F-3F73-480C-B023-F1D7EF0DC954}.SingleImage|x64.Build.0 = Release|Any CPU
		{2D912A6F-3F73-480C-B023-F1D7EF0DC954}.SingleImage|x86.ActiveCfg = Release|Any CPU
		{2D912A6F-3F73-480C-B023-F1D7EF0DC954}.SingleImage|x86.Build.0 = Release|Any CPU
		{36A0328B-1A60-4F07-BC34-4D22A7F65CAC}.CD_ROM|Any CPU.ActiveCfg = Release|Any CPU
		{36A0328B-1A60-4F07-BC34-4D22A7F65CAC}.CD_ROM|Any CPU.Build.0 = Release|Any CPU
		{36A0328B-1A60-4F07-BC34-4D22A7F65CAC}.CD_ROM|Mixed Platforms.ActiveCfg = Release|Any CPU
		{36A0328B-1A60-4F07-BC34-4D22A7F65CAC}.CD_ROM|Mixed Platforms.Build.0 = Release|Any CPU
		{36A0328B-1A60-4F07-BC34-4D22A7F65CAC}.CD_ROM|x64.ActiveCfg = Release|Any CPU
		{36A0328B-1A60-4F07-BC34-4D22A7F65CAC}.CD_ROM|x64.Build.0 = Release|Any CPU
		{36A0328B-1A60-4F07-BC34-4D22A7F65CAC}.CD_ROM|x86.ActiveCfg = Release|Any CPU
		{36A0328B-1A60-4F07-BC34-4D22A7F65CAC}.CD_ROM|x86.Build.0 = Release|Any CPU
		{36A0328B-1A60-4F07-BC34-4D22A7F65CAC}.Debug|Any CPU.ActiveCfg = Debug|Any CPU
		{36A0328B-1A60-4F07-BC34-4D22A7F65CAC}.Debug|Any CPU.Build.0 = Debug|Any CPU
		{36A0328B-1A60-4F07-BC34-4D22A7F65CAC}.Debug|Mixed Platforms.ActiveCfg = Debug|Any CPU
		{36A0328B-1A60-4F07-BC34-4D22A7F65CAC}.Debug|Mixed Platforms.Build.0 = Debug|Any CPU
		{36A0328B-1A60-4F07-BC34-4D22A7F65CAC}.Debug|x64.ActiveCfg = Debug|Any CPU
		{36A0328B-1A60-4F07-BC34-4D22A7F65CAC}.Debug|x64.Build.0 = Debug|Any CPU
		{36A0328B-1A60-4F07-BC34-4D22A7F65CAC}.Debug|x86.ActiveCfg = Debug|Any CPU
		{36A0328B-1A60-4F07-BC34-4D22A7F65CAC}.DVD-5|Any CPU.ActiveCfg = Debug|Any CPU
		{36A0328B-1A60-4F07-BC34-4D22A7F65CAC}.DVD-5|Any CPU.Build.0 = Debug|Any CPU
		{36A0328B-1A60-4F07-BC34-4D22A7F65CAC}.DVD-5|Mixed Platforms.ActiveCfg = Debug|Any CPU
		{36A0328B-1A60-4F07-BC34-4D22A7F65CAC}.DVD-5|Mixed Platforms.Build.0 = Debug|Any CPU
		{36A0328B-1A60-4F07-BC34-4D22A7F65CAC}.DVD-5|x64.ActiveCfg = Debug|Any CPU
		{36A0328B-1A60-4F07-BC34-4D22A7F65CAC}.DVD-5|x64.Build.0 = Debug|Any CPU
		{36A0328B-1A60-4F07-BC34-4D22A7F65CAC}.DVD-5|x86.ActiveCfg = Debug|Any CPU
		{36A0328B-1A60-4F07-BC34-4D22A7F65CAC}.DVD-5|x86.Build.0 = Debug|Any CPU
		{36A0328B-1A60-4F07-BC34-4D22A7F65CAC}.Release|Any CPU.ActiveCfg = Release|Any CPU
		{36A0328B-1A60-4F07-BC34-4D22A7F65CAC}.Release|Any CPU.Build.0 = Release|Any CPU
		{36A0328B-1A60-4F07-BC34-4D22A7F65CAC}.Release|Mixed Platforms.ActiveCfg = Release|Any CPU
		{36A0328B-1A60-4F07-BC34-4D22A7F65CAC}.Release|Mixed Platforms.Build.0 = Release|Any CPU
		{36A0328B-1A60-4F07-BC34-4D22A7F65CAC}.Release|x64.ActiveCfg = Release|Any CPU
		{36A0328B-1A60-4F07-BC34-4D22A7F65CAC}.Release|x64.Build.0 = Release|Any CPU
		{36A0328B-1A60-4F07-BC34-4D22A7F65CAC}.Release|x86.ActiveCfg = Release|Any CPU
		{36A0328B-1A60-4F07-BC34-4D22A7F65CAC}.SingleImage|Any CPU.ActiveCfg = Release|Any CPU
		{36A0328B-1A60-4F07-BC34-4D22A7F65CAC}.SingleImage|Any CPU.Build.0 = Release|Any CPU
		{36A0328B-1A60-4F07-BC34-4D22A7F65CAC}.SingleImage|Mixed Platforms.ActiveCfg = Release|Any CPU
		{36A0328B-1A60-4F07-BC34-4D22A7F65CAC}.SingleImage|Mixed Platforms.Build.0 = Release|Any CPU
		{36A0328B-1A60-4F07-BC34-4D22A7F65CAC}.SingleImage|x64.ActiveCfg = Release|Any CPU
		{36A0328B-1A60-4F07-BC34-4D22A7F65CAC}.SingleImage|x64.Build.0 = Release|Any CPU
		{36A0328B-1A60-4F07-BC34-4D22A7F65CAC}.SingleImage|x86.ActiveCfg = Release|Any CPU
		{36A0328B-1A60-4F07-BC34-4D22A7F65CAC}.SingleImage|x86.Build.0 = Release|Any CPU
		{048106C1-7D68-4B3C-B7B1-EB437F2C15B0}.CD_ROM|Any CPU.ActiveCfg = Release|Any CPU
		{048106C1-7D68-4B3C-B7B1-EB437F2C15B0}.CD_ROM|Any CPU.Build.0 = Release|Any CPU
		{048106C1-7D68-4B3C-B7B1-EB437F2C15B0}.CD_ROM|Mixed Platforms.ActiveCfg = Release|Any CPU
		{048106C1-7D68-4B3C-B7B1-EB437F2C15B0}.CD_ROM|Mixed Platforms.Build.0 = Release|Any CPU
		{048106C1-7D68-4B3C-B7B1-EB437F2C15B0}.CD_ROM|x64.ActiveCfg = Release|Any CPU
		{048106C1-7D68-4B3C-B7B1-EB437F2C15B0}.CD_ROM|x64.Build.0 = Release|Any CPU
		{048106C1-7D68-4B3C-B7B1-EB437F2C15B0}.CD_ROM|x86.ActiveCfg = Release|Any CPU
		{048106C1-7D68-4B3C-B7B1-EB437F2C15B0}.CD_ROM|x86.Build.0 = Release|Any CPU
		{048106C1-7D68-4B3C-B7B1-EB437F2C15B0}.Debug|Any CPU.ActiveCfg = Debug|Any CPU
		{048106C1-7D68-4B3C-B7B1-EB437F2C15B0}.Debug|Any CPU.Build.0 = Debug|Any CPU
		{048106C1-7D68-4B3C-B7B1-EB437F2C15B0}.Debug|Mixed Platforms.ActiveCfg = Debug|Any CPU
		{048106C1-7D68-4B3C-B7B1-EB437F2C15B0}.Debug|Mixed Platforms.Build.0 = Debug|Any CPU
		{048106C1-7D68-4B3C-B7B1-EB437F2C15B0}.Debug|x64.ActiveCfg = Debug|Any CPU
		{048106C1-7D68-4B3C-B7B1-EB437F2C15B0}.Debug|x64.Build.0 = Debug|Any CPU
		{048106C1-7D68-4B3C-B7B1-EB437F2C15B0}.Debug|x86.ActiveCfg = Debug|Any CPU
		{048106C1-7D68-4B3C-B7B1-EB437F2C15B0}.DVD-5|Any CPU.ActiveCfg = Debug|Any CPU
		{048106C1-7D68-4B3C-B7B1-EB437F2C15B0}.DVD-5|Any CPU.Build.0 = Debug|Any CPU
		{048106C1-7D68-4B3C-B7B1-EB437F2C15B0}.DVD-5|Mixed Platforms.ActiveCfg = Debug|Any CPU
		{048106C1-7D68-4B3C-B7B1-EB437F2C15B0}.DVD-5|Mixed Platforms.Build.0 = Debug|Any CPU
		{048106C1-7D68-4B3C-B7B1-EB437F2C15B0}.DVD-5|x64.ActiveCfg = Debug|Any CPU
		{048106C1-7D68-4B3C-B7B1-EB437F2C15B0}.DVD-5|x64.Build.0 = Debug|Any CPU
		{048106C1-7D68-4B3C-B7B1-EB437F2C15B0}.DVD-5|x86.ActiveCfg = Debug|Any CPU
		{048106C1-7D68-4B3C-B7B1-EB437F2C15B0}.DVD-5|x86.Build.0 = Debug|Any CPU
		{048106C1-7D68-4B3C-B7B1-EB437F2C15B0}.Release|Any CPU.ActiveCfg = Release|Any CPU
		{048106C1-7D68-4B3C-B7B1-EB437F2C15B0}.Release|Any CPU.Build.0 = Release|Any CPU
		{048106C1-7D68-4B3C-B7B1-EB437F2C15B0}.Release|Mixed Platforms.ActiveCfg = Release|Any CPU
		{048106C1-7D68-4B3C-B7B1-EB437F2C15B0}.Release|Mixed Platforms.Build.0 = Release|Any CPU
		{048106C1-7D68-4B3C-B7B1-EB437F2C15B0}.Release|x64.ActiveCfg = Release|Any CPU
		{048106C1-7D68-4B3C-B7B1-EB437F2C15B0}.Release|x64.Build.0 = Release|Any CPU
		{048106C1-7D68-4B3C-B7B1-EB437F2C15B0}.Release|x86.ActiveCfg = Release|Any CPU
		{048106C1-7D68-4B3C-B7B1-EB437F2C15B0}.SingleImage|Any CPU.ActiveCfg = Release|Any CPU
		{048106C1-7D68-4B3C-B7B1-EB437F2C15B0}.SingleImage|Any CPU.Build.0 = Release|Any CPU
		{048106C1-7D68-4B3C-B7B1-EB437F2C15B0}.SingleImage|Mixed Platforms.ActiveCfg = Release|Any CPU
		{048106C1-7D68-4B3C-B7B1-EB437F2C15B0}.SingleImage|Mixed Platforms.Build.0 = Release|Any CPU
		{048106C1-7D68-4B3C-B7B1-EB437F2C15B0}.SingleImage|x64.ActiveCfg = Release|Any CPU
		{048106C1-7D68-4B3C-B7B1-EB437F2C15B0}.SingleImage|x64.Build.0 = Release|Any CPU
		{048106C1-7D68-4B3C-B7B1-EB437F2C15B0}.SingleImage|x86.ActiveCfg = Release|Any CPU
		{048106C1-7D68-4B3C-B7B1-EB437F2C15B0}.SingleImage|x86.Build.0 = Release|Any CPU
		{ECB9F199-28F2-48B9-82E9-B4EDADE8AEBB}.CD_ROM|Any CPU.ActiveCfg = Release|Any CPU
		{ECB9F199-28F2-48B9-82E9-B4EDADE8AEBB}.CD_ROM|Any CPU.Build.0 = Release|Any CPU
		{ECB9F199-28F2-48B9-82E9-B4EDADE8AEBB}.CD_ROM|Mixed Platforms.ActiveCfg = Release|Any CPU
		{ECB9F199-28F2-48B9-82E9-B4EDADE8AEBB}.CD_ROM|Mixed Platforms.Build.0 = Release|Any CPU
		{ECB9F199-28F2-48B9-82E9-B4EDADE8AEBB}.CD_ROM|x64.ActiveCfg = Release|Any CPU
		{ECB9F199-28F2-48B9-82E9-B4EDADE8AEBB}.CD_ROM|x64.Build.0 = Release|Any CPU
		{ECB9F199-28F2-48B9-82E9-B4EDADE8AEBB}.CD_ROM|x86.ActiveCfg = Release|Any CPU
		{ECB9F199-28F2-48B9-82E9-B4EDADE8AEBB}.CD_ROM|x86.Build.0 = Release|Any CPU
		{ECB9F199-28F2-48B9-82E9-B4EDADE8AEBB}.Debug|Any CPU.ActiveCfg = Debug|Any CPU
		{ECB9F199-28F2-48B9-82E9-B4EDADE8AEBB}.Debug|Any CPU.Build.0 = Debug|Any CPU
		{ECB9F199-28F2-48B9-82E9-B4EDADE8AEBB}.Debug|Mixed Platforms.ActiveCfg = Debug|Any CPU
		{ECB9F199-28F2-48B9-82E9-B4EDADE8AEBB}.Debug|Mixed Platforms.Build.0 = Debug|Any CPU
		{ECB9F199-28F2-48B9-82E9-B4EDADE8AEBB}.Debug|x64.ActiveCfg = Debug|Any CPU
		{ECB9F199-28F2-48B9-82E9-B4EDADE8AEBB}.Debug|x64.Build.0 = Debug|Any CPU
		{ECB9F199-28F2-48B9-82E9-B4EDADE8AEBB}.Debug|x86.ActiveCfg = Debug|Any CPU
		{ECB9F199-28F2-48B9-82E9-B4EDADE8AEBB}.DVD-5|Any CPU.ActiveCfg = Debug|Any CPU
		{ECB9F199-28F2-48B9-82E9-B4EDADE8AEBB}.DVD-5|Any CPU.Build.0 = Debug|Any CPU
		{ECB9F199-28F2-48B9-82E9-B4EDADE8AEBB}.DVD-5|Mixed Platforms.ActiveCfg = Debug|Any CPU
		{ECB9F199-28F2-48B9-82E9-B4EDADE8AEBB}.DVD-5|Mixed Platforms.Build.0 = Debug|Any CPU
		{ECB9F199-28F2-48B9-82E9-B4EDADE8AEBB}.DVD-5|x64.ActiveCfg = Debug|Any CPU
		{ECB9F199-28F2-48B9-82E9-B4EDADE8AEBB}.DVD-5|x64.Build.0 = Debug|Any CPU
		{ECB9F199-28F2-48B9-82E9-B4EDADE8AEBB}.DVD-5|x86.ActiveCfg = Debug|Any CPU
		{ECB9F199-28F2-48B9-82E9-B4EDADE8AEBB}.DVD-5|x86.Build.0 = Debug|Any CPU
		{ECB9F199-28F2-48B9-82E9-B4EDADE8AEBB}.Release|Any CPU.ActiveCfg = Release|Any CPU
		{ECB9F199-28F2-48B9-82E9-B4EDADE8AEBB}.Release|Any CPU.Build.0 = Release|Any CPU
		{ECB9F199-28F2-48B9-82E9-B4EDADE8AEBB}.Release|Mixed Platforms.ActiveCfg = Release|Any CPU
		{ECB9F199-28F2-48B9-82E9-B4EDADE8AEBB}.Release|Mixed Platforms.Build.0 = Release|Any CPU
		{ECB9F199-28F2-48B9-82E9-B4EDADE8AEBB}.Release|x64.ActiveCfg = Release|Any CPU
		{ECB9F199-28F2-48B9-82E9-B4EDADE8AEBB}.Release|x64.Build.0 = Release|Any CPU
		{ECB9F199-28F2-48B9-82E9-B4EDADE8AEBB}.Release|x86.ActiveCfg = Release|Any CPU
		{ECB9F199-28F2-48B9-82E9-B4EDADE8AEBB}.SingleImage|Any CPU.ActiveCfg = Release|Any CPU
		{ECB9F199-28F2-48B9-82E9-B4EDADE8AEBB}.SingleImage|Any CPU.Build.0 = Release|Any CPU
		{ECB9F199-28F2-48B9-82E9-B4EDADE8AEBB}.SingleImage|Mixed Platforms.ActiveCfg = Release|Any CPU
		{ECB9F199-28F2-48B9-82E9-B4EDADE8AEBB}.SingleImage|Mixed Platforms.Build.0 = Release|Any CPU
		{ECB9F199-28F2-48B9-82E9-B4EDADE8AEBB}.SingleImage|x64.ActiveCfg = Release|Any CPU
		{ECB9F199-28F2-48B9-82E9-B4EDADE8AEBB}.SingleImage|x64.Build.0 = Release|Any CPU
		{ECB9F199-28F2-48B9-82E9-B4EDADE8AEBB}.SingleImage|x86.ActiveCfg = Release|Any CPU
		{ECB9F199-28F2-48B9-82E9-B4EDADE8AEBB}.SingleImage|x86.Build.0 = Release|Any CPU
		{2FFE04F0-B6C2-405E-92A4-D1F3B6B037BC}.CD_ROM|Any CPU.ActiveCfg = Release|Any CPU
		{2FFE04F0-B6C2-405E-92A4-D1F3B6B037BC}.CD_ROM|Any CPU.Build.0 = Release|Any CPU
		{2FFE04F0-B6C2-405E-92A4-D1F3B6B037BC}.CD_ROM|Mixed Platforms.ActiveCfg = Release|Any CPU
		{2FFE04F0-B6C2-405E-92A4-D1F3B6B037BC}.CD_ROM|Mixed Platforms.Build.0 = Release|Any CPU
		{2FFE04F0-B6C2-405E-92A4-D1F3B6B037BC}.CD_ROM|x64.ActiveCfg = Release|Any CPU
		{2FFE04F0-B6C2-405E-92A4-D1F3B6B037BC}.CD_ROM|x64.Build.0 = Release|Any CPU
		{2FFE04F0-B6C2-405E-92A4-D1F3B6B037BC}.CD_ROM|x86.ActiveCfg = Release|Any CPU
		{2FFE04F0-B6C2-405E-92A4-D1F3B6B037BC}.CD_ROM|x86.Build.0 = Release|Any CPU
		{2FFE04F0-B6C2-405E-92A4-D1F3B6B037BC}.Debug|Any CPU.ActiveCfg = Debug|Any CPU
		{2FFE04F0-B6C2-405E-92A4-D1F3B6B037BC}.Debug|Any CPU.Build.0 = Debug|Any CPU
		{2FFE04F0-B6C2-405E-92A4-D1F3B6B037BC}.Debug|Mixed Platforms.ActiveCfg = Debug|Any CPU
		{2FFE04F0-B6C2-405E-92A4-D1F3B6B037BC}.Debug|Mixed Platforms.Build.0 = Debug|Any CPU
		{2FFE04F0-B6C2-405E-92A4-D1F3B6B037BC}.Debug|x64.ActiveCfg = Debug|Any CPU
		{2FFE04F0-B6C2-405E-92A4-D1F3B6B037BC}.Debug|x64.Build.0 = Debug|Any CPU
		{2FFE04F0-B6C2-405E-92A4-D1F3B6B037BC}.Debug|x86.ActiveCfg = Debug|Any CPU
		{2FFE04F0-B6C2-405E-92A4-D1F3B6B037BC}.DVD-5|Any CPU.ActiveCfg = Debug|Any CPU
		{2FFE04F0-B6C2-405E-92A4-D1F3B6B037BC}.DVD-5|Any CPU.Build.0 = Debug|Any CPU
		{2FFE04F0-B6C2-405E-92A4-D1F3B6B037BC}.DVD-5|Mixed Platforms.ActiveCfg = Debug|Any CPU
		{2FFE04F0-B6C2-405E-92A4-D1F3B6B037BC}.DVD-5|Mixed Platforms.Build.0 = Debug|Any CPU
		{2FFE04F0-B6C2-405E-92A4-D1F3B6B037BC}.DVD-5|x64.ActiveCfg = Debug|Any CPU
		{2FFE04F0-B6C2-405E-92A4-D1F3B6B037BC}.DVD-5|x64.Build.0 = Debug|Any CPU
		{2FFE04F0-B6C2-405E-92A4-D1F3B6B037BC}.DVD-5|x86.ActiveCfg = Debug|Any CPU
		{2FFE04F0-B6C2-405E-92A4-D1F3B6B037BC}.DVD-5|x86.Build.0 = Debug|Any CPU
		{2FFE04F0-B6C2-405E-92A4-D1F3B6B037BC}.Release|Any CPU.ActiveCfg = Release|Any CPU
		{2FFE04F0-B6C2-405E-92A4-D1F3B6B037BC}.Release|Any CPU.Build.0 = Release|Any CPU
		{2FFE04F0-B6C2-405E-92A4-D1F3B6B037BC}.Release|Mixed Platforms.ActiveCfg = Release|Any CPU
		{2FFE04F0-B6C2-405E-92A4-D1F3B6B037BC}.Release|Mixed Platforms.Build.0 = Release|Any CPU
		{2FFE04F0-B6C2-405E-92A4-D1F3B6B037BC}.Release|x64.ActiveCfg = Release|Any CPU
		{2FFE04F0-B6C2-405E-92A4-D1F3B6B037BC}.Release|x64.Build.0 = Release|Any CPU
		{2FFE04F0-B6C2-405E-92A4-D1F3B6B037BC}.Release|x86.ActiveCfg = Release|Any CPU
		{2FFE04F0-B6C2-405E-92A4-D1F3B6B037BC}.Release|x86.Build.0 = Release|Any CPU
		{2FFE04F0-B6C2-405E-92A4-D1F3B6B037BC}.SingleImage|Any CPU.ActiveCfg = Release|Any CPU
		{2FFE04F0-B6C2-405E-92A4-D1F3B6B037BC}.SingleImage|Any CPU.Build.0 = Release|Any CPU
		{2FFE04F0-B6C2-405E-92A4-D1F3B6B037BC}.SingleImage|Mixed Platforms.ActiveCfg = Release|Any CPU
		{2FFE04F0-B6C2-405E-92A4-D1F3B6B037BC}.SingleImage|Mixed Platforms.Build.0 = Release|Any CPU
		{2FFE04F0-B6C2-405E-92A4-D1F3B6B037BC}.SingleImage|x64.ActiveCfg = Release|Any CPU
		{2FFE04F0-B6C2-405E-92A4-D1F3B6B037BC}.SingleImage|x64.Build.0 = Release|Any CPU
		{2FFE04F0-B6C2-405E-92A4-D1F3B6B037BC}.SingleImage|x86.ActiveCfg = Release|Any CPU
		{2FFE04F0-B6C2-405E-92A4-D1F3B6B037BC}.SingleImage|x86.Build.0 = Release|Any CPU
	EndGlobalSection
	GlobalSection(SolutionProperties) = preSolution
		HideSolutionNode = FALSE
	EndGlobalSection
	GlobalSection(ExtensibilityGlobals) = postSolution
		SolutionGuid = {7A8AA60A-F697-461F-AC89-538E544D9CB9}
	EndGlobalSection
EndGlobal
